
Microsoft Visual Studio Solution File, Format Version 12.00
# Visual Studio Version 17
VisualStudioVersion = 17.1.32328.378
MinimumVisualStudioVersion = 10.0.40219.1
Project("{FAE04EC0-301F-11D3-BF4B-00C04F79EFBC}") = "Interfaces", "Interfaces\Interfaces.csproj", "{743BE454-85CA-4A87-B130-CDF8384B886A}"
EndProject
Project("{FAE04EC0-301F-11D3-BF4B-00C04F79EFBC}") = "ClassLibrary", "ClassLibrary\ClassLibrary.csproj", "{D3D95A9C-FB3F-437B-9CFA-074E317D06AC}"
EndProject
Global
	GlobalSection(SolutionConfigurationPlatforms) = preSolution
		Debug|Any CPU = Debug|Any CPU
		Release|Any CPU = Release|Any CPU
	EndGlobalSection
	GlobalSection(ProjectConfigurationPlatforms) = postSolution
		{743BE454-85CA-4A87-B130-CDF8384B886A}.Debug|Any CPU.ActiveCfg = Debug|Any CPU
		{743BE454-85CA-4A87-B130-CDF8384B886A}.Debug|Any CPU.Build.0 = Debug|Any CPU
		{743BE454-85CA-4A87-B130-CDF8384B886A}.Release|Any CPU.ActiveCfg = Release|Any CPU
		{743BE454-85CA-4A87-B130-CDF8384B886A}.Release|Any CPU.Build.0 = Release|Any CPU
		{D3D95A9C-FB3F-437B-9CFA-074E317D06AC}.Debug|Any CPU.ActiveCfg = Debug|Any CPU
		{D3D95A9C-FB3F-437B-9CFA-074E317D06AC}.Debug|Any CPU.Build.0 = Debug|Any CPU
		{D3D95A9C-FB3F-437B-9CFA-074E317D06AC}.Release|Any CPU.ActiveCfg = Release|Any CPU
		{D3D95A9C-FB3F-437B-9CFA-074E317D06AC}.Release|Any CPU.Build.0 = Release|Any CPU
	EndGlobalSection
	GlobalSection(SolutionProperties) = preSolution
		HideSolutionNode = FALSE
	EndGlobalSection
	GlobalSection(ExtensibilityGlobals) = postSolution
		SolutionGuid = {31B5D907-16E8-4C35-AED5-59D5D675269E}
	EndGlobalSection
EndGlobal
